
Microsoft Visual Studio Solution File, Format Version 12.00
# Visual Studio 15
VisualStudioVersion = 15.0.28010.2003
MinimumVisualStudioVersion = 10.0.40219.1
Project("{FAE04EC0-301F-11D3-BF4B-00C04F79EFBC}") = "RazorPagesMovie", "RazorPagesMovie\RazorPagesMovie.csproj", "{84865B55-9FEC-4E41-B162-73DB6417B21B}"
EndProject
Global
	GlobalSection(SolutionConfigurationPlatforms) = preSolution
		Debug|Any CPU = Debug|Any CPU
		Release|Any CPU = Release|Any CPU
	EndGlobalSection
	GlobalSection(ProjectConfigurationPlatforms) = postSolution
		{84865B55-9FEC-4E41-B162-73DB6417B21B}.Debug|Any CPU.ActiveCfg = Debug|Any CPU
		{84865B55-9FEC-4E41-B162-73DB6417B21B}.Debug|Any CPU.Build.0 = Debug|Any CPU
		{84865B55-9FEC-4E41-B162-73DB6417B21B}.Release|Any CPU.ActiveCfg = Release|Any CPU
		{84865B55-9FEC-4E41-B162-73DB6417B21B}.Release|Any CPU.Build.0 = Release|Any CPU
	EndGlobalSection
	GlobalSection(SolutionProperties) = preSolution
		HideSolutionNode = FALSE
	EndGlobalSection
	GlobalSection(ExtensibilityGlobals) = postSolution
		SolutionGuid = {A0A627B8-F296-41DA-9937-7DC64401C03D}
	EndGlobalSection
EndGlobal
